
Microsoft Visual Studio Solution File, Format Version 12.00
# Visual Studio 15
VisualStudioVersion = 15.0.28307.106
MinimumVisualStudioVersion = 10.0.40219.1
Project("{FAE04EC0-301F-11D3-BF4B-00C04F79EFBC}") = "PartyInvites", "PartyInvites\PartyInvites.csproj", "{50007C20-DF90-4EB7-B011-B41E080CA872}"
EndProject
Global
	GlobalSection(SolutionConfigurationPlatforms) = preSolution
		Debug|Any CPU = Debug|Any CPU
		Release|Any CPU = Release|Any CPU
	EndGlobalSection
	GlobalSection(ProjectConfigurationPlatforms) = postSolution
		{50007C20-DF90-4EB7-B011-B41E080CA872}.Debug|Any CPU.ActiveCfg = Debug|Any CPU
		{50007C20-DF90-4EB7-B011-B41E080CA872}.Debug|Any CPU.Build.0 = Debug|Any CPU
		{50007C20-DF90-4EB7-B011-B41E080CA872}.Release|Any CPU.ActiveCfg = Release|Any CPU
		{50007C20-DF90-4EB7-B011-B41E080CA872}.Release|Any CPU.Build.0 = Release|Any CPU
	EndGlobalSection
	GlobalSection(SolutionProperties) = preSolution
		HideSolutionNode = FALSE
	EndGlobalSection
	GlobalSection(ExtensibilityGlobals) = postSolution
		SolutionGuid = {E195883B-F22C-4A52-B153-AEAC3F4A56A4}
	EndGlobalSection
EndGlobal
